{
  "requires": true,
  "lockfileVersion": 1,
  "dependencies": {
    "imageviewer": {
      "version": "1.0.0",
      "resolved": "https://registry.npmjs.org/imageviewer/-/imageviewer-1.0.0.tgz",
      "integrity": "sha512-SY3JtRPytbuRv79kHtWqTiFCfNVUsxjVBXr2oxsUHBx3ds5x6Elmn1+FUoUHldKXJAdnBIGgtiR3xsrMLWpceg==",
      "requires": {
        "viewerjs": "^1.0.0"
      }
    },
    "viewerjs": {
      "version": "1.3.7",
      "resolved": "https://registry.npmjs.org/viewerjs/-/viewerjs-1.3.7.tgz",
      "integrity": "sha512-I7iD166zrqxocoNn1c23nwERzMXXxnlJw8eWLsK28DSAhGWSue1ZPaxV2qr7LC4lbhom1OUa7Z/glWsnGaa3bw=="
    }
  }
}
